# This file is automatically @generated by Poetry 1.8.5 and should not be changed by hand.

[[package]]
name = "advent-of-code-data"
version = "2.1.0"
description = "Get your puzzle data with a single import"
optional = false
python-versions = ">=3.9"
files = [
    {file = "advent_of_code_data-2.1.0-py3-none-any.whl", hash = "sha256:1e0457338a9572e610f72da8aad8b06f778311a69b0ec676bf2e5db8328f4d45"},
    {file = "advent_of_code_data-2.1.0.tar.gz", hash = "sha256:947e6583f581ed184873aac835b333fc39a5712cce606c67532f9d43253a98e2"},
]

[package.dependencies]
aocd-example-parser = ">=2023.12.24"
beautifulsoup4 = "*"
pebble = "*"
tzdata = {version = "*", markers = "platform_system == \"Windows\""}
urllib3 = "*"

[package.extras]
nb = ["IPython", "jupyter-server"]

[[package]]
name = "aocd-example-parser"
version = "2025.12.1"
description = "Implementation of example parser plugins for advent-of-code-data"
optional = false
python-versions = ">=3.9"
files = [
    {file = "aocd_example_parser-2025.12.1-py3-none-any.whl", hash = "sha256:9180ef01a9962e9783a67dffe3a197fb9d708c95c7768ba435b4c5f6e73f45a2"},
    {file = "aocd_example_parser-2025.12.1.tar.gz", hash = "sha256:a553fb0ed619d3328245d64d0e439ade8fcef2184b3f4a08360716ec5a401dc3"},
]

[[package]]
name = "beautifulsoup4"
version = "4.14.3"
description = "Screen-scraping library"
optional = false
python-versions = ">=3.7.0"
files = [
    {file = "beautifulsoup4-4.14.3-py3-none-any.whl", hash = "sha256:0918bfe44902e6ad8d57732ba310582e98da931428d231a5ecb9e7c703a735bb"},
    {file = "beautifulsoup4-4.14.3.tar.gz", hash = "sha256:6292b1c5186d356bba669ef9f7f051757099565ad9ada5dd630bd9de5fa7fb86"},
]

[package.dependencies]
soupsieve = ">=1.6.1"
typing-extensions = ">=4.0.0"

[package.extras]
cchardet = ["cchardet"]
chardet = ["chardet"]
charset-normalizer = ["charset-normalizer"]
html5lib = ["html5lib"]
lxml = ["lxml"]

[[package]]
name = "pebble"
version = "5.1.3"
description = "Threading and multiprocessing eye-candy."
optional = false
python-versions = ">=3.8"
files = [
    {file = "Pebble-5.1.3-py3-none-any.whl", hash = "sha256:8b28b1ede25de4b0d9249516d5fd794c330f8f03b692debe374619317ed0bdd7"},
    {file = "pebble-5.1.3.tar.gz", hash = "sha256:9fdf00dde4abb09907817114ad8cf822836b6d6cc8f43a3f0ec741be276086e7"},
]

[[package]]
name = "soupsieve"
version = "2.8"
description = "A modern CSS selector implementation for Beautiful Soup."
optional = false
python-versions = ">=3.9"
files = [
    {file = "soupsieve-2.8-py3-none-any.whl", hash = "sha256:0cc76456a30e20f5d7f2e14a98a4ae2ee4e5abdc7c5ea0aafe795f344bc7984c"},
    {file = "soupsieve-2.8.tar.gz", hash = "sha256:e2dd4a40a628cb5f28f6d4b0db8800b8f581b65bb380b97de22ba5ca8d72572f"},
]

[[package]]
name = "typing-extensions"
version = "4.15.0"
description = "Backported and Experimental Type Hints for Python 3.9+"
optional = false
python-versions = ">=3.9"
files = [
    {file = "typing_extensions-4.15.0-py3-none-any.whl", hash = "sha256:f0fa19c6845758ab08074a0cfa8b7aecb71c999ca73d62883bc25cc018c4e548"},
    {file = "typing_extensions-4.15.0.tar.gz", hash = "sha256:0cea48d173cc12fa28ecabc3b837ea3cf6f38c6d1136f85cbaaf598984861466"},
]

[[package]]
name = "tzdata"
version = "2025.2"
description = "Provider of IANA time zone data"
optional = false
python-versions = ">=2"
files = [
    {file = "tzdata-2025.2-py2.py3-none-any.whl", hash = "sha256:1a403fada01ff9221ca8044d701868fa132215d84beb92242d9acd2147f667a8"},
    {file = "tzdata-2025.2.tar.gz", hash = "sha256:b60a638fcc0daffadf82fe0f57e53d06bdec2f36c4df66280ae79bce6bd6f2b9"},
]

[[package]]
name = "urllib3"
version = "2.5.0"
description = "HTTP library with thread-safe connection pooling, file post, and more."
optional = false
python-versions = ">=3.9"
files = [
    {file = "urllib3-2.5.0-py3-none-any.whl", hash = "sha256:e6b01673c0fa6a13e374b50871808eb3bf7046c4b125b216f6bf1cc604cff0dc"},
    {file = "urllib3-2.5.0.tar.gz", hash = "sha256:3fc47733c7e419d4bc3f6b3dc2b4f890bb743906a30d56ba4a5bfa4bbff92760"},
]

[package.extras]
brotli = ["brotli (>=1.0.9)", "brotlicffi (>=0.8.0)"]
h2 = ["h2 (>=4,<5)"]
socks = ["pysocks (>=1.5.6,!=1.5.7,<2.0)"]
zstd = ["zstandard (>=0.18.0)"]

[metadata]
lock-version = "2.0"
python-versions = ">=3.12,<4"
content-hash = "84e0d8adc62c8b68df4b2d4f2ed19f622f913a254487389523e93a0b937b00f6"
